
Microsoft Visual Studio Solution File, Format Version 11.00
# Visual Studio 2010
Project("{FAE04EC0-301F-11D3-BF4B-00C04F79EFBC}") = "UnityEngine.UI", "UnityEngine.UI.csproj", "{07986EBD-1FDA-09C8-1AB1-30C6D8843AC7}"
EndProject
Project("{FAE04EC0-301F-11D3-BF4B-00C04F79EFBC}") = "UnityEngine.TestRunner", "UnityEngine.TestRunner.csproj", "{FB4802F9-5B45-F152-B944-9D8FF31608CC}"
EndProject
Project("{FAE04EC0-301F-11D3-BF4B-00C04F79EFBC}") = "Unity.TextMeshPro", "Unity.TextMeshPro.csproj", "{83409EA8-8609-3DF8-2876-B7644B7A90B8}"
EndProject
Project("{FAE04EC0-301F-11D3-BF4B-00C04F79EFBC}") = "Unity.Timeline", "Unity.Timeline.csproj", "{400421E2-8499-97B4-AF5D-FA1CBBA922E6}"
EndProject
Project("{FAE04EC0-301F-11D3-BF4B-00C04F79EFBC}") = "Assembly-CSharp", "Assembly-CSharp.csproj", "{1984C774-0148-F391-EA00-29466AF825E9}"
EndProject
Project("{FAE04EC0-301F-11D3-BF4B-00C04F79EFBC}") = "UnityEditor.TestRunner", "UnityEditor.TestRunner.csproj", "{33B37B49-CDCD-83B0-E856-27588EEBB0AA}"
EndProject
Project("{FAE04EC0-301F-11D3-BF4B-00C04F79EFBC}") = "Unity.TextMeshPro.Editor", "Unity.TextMeshPro.Editor.csproj", "{43DDF130-97F6-19C0-D3C5-F8436575290C}"
EndProject
Project("{FAE04EC0-301F-11D3-BF4B-00C04F79EFBC}") = "Unity.Timeline.Editor", "Unity.Timeline.Editor.csproj", "{893A13B5-0E50-1214-1DB6-613D4A048AD1}"
EndProject
Project("{FAE04EC0-301F-11D3-BF4B-00C04F79EFBC}") = "UnityEditor.UI", "UnityEditor.UI.csproj", "{0C5402B6-E4D3-0CE2-F0DA-B139FF00EC5B}"
EndProject
Project("{FAE04EC0-301F-11D3-BF4B-00C04F79EFBC}") = "Unity.Rider.Editor", "Unity.Rider.Editor.csproj", "{1551D924-305C-E563-DAFA-71E3B9DC18D0}"
EndProject
Project("{FAE04EC0-301F-11D3-BF4B-00C04F79EFBC}") = "Unity.CollabProxy.Editor", "Unity.CollabProxy.Editor.csproj", "{3FA0AE91-3DB0-D721-3F30-65C8D928F0C2}"
EndProject
Project("{FAE04EC0-301F-11D3-BF4B-00C04F79EFBC}") = "Unity.VSCode.Editor", "Unity.VSCode.Editor.csproj", "{8FD4A308-2BDA-1B93-4562-E80BF390E16A}"
EndProject
Global
	GlobalSection(SolutionConfigurationPlatforms) = preSolution
		Debug|Any CPU = Debug|Any CPU
		Release|Any CPU = Release|Any CPU
	EndGlobalSection
	GlobalSection(ProjectConfigurationPlatforms) = postSolution
		{07986EBD-1FDA-09C8-1AB1-30C6D8843AC7}.Debug|Any CPU.ActiveCfg = Debug|Any CPU
		{07986EBD-1FDA-09C8-1AB1-30C6D8843AC7}.Debug|Any CPU.Build.0 = Debug|Any CPU
		{07986EBD-1FDA-09C8-1AB1-30C6D8843AC7}.Release|Any CPU.ActiveCfg = Release|Any CPU
		{07986EBD-1FDA-09C8-1AB1-30C6D8843AC7}.Release|Any CPU.Build.0 = Release|Any CPU
		{FB4802F9-5B45-F152-B944-9D8FF31608CC}.Debug|Any CPU.ActiveCfg = Debug|Any CPU
		{FB4802F9-5B45-F152-B944-9D8FF31608CC}.Debug|Any CPU.Build.0 = Debug|Any CPU
		{FB4802F9-5B45-F152-B944-9D8FF31608CC}.Release|Any CPU.ActiveCfg = Release|Any CPU
		{FB4802F9-5B45-F152-B944-9D8FF31608CC}.Release|Any CPU.Build.0 = Release|Any CPU
		{83409EA8-8609-3DF8-2876-B7644B7A90B8}.Debug|Any CPU.ActiveCfg = Debug|Any CPU
		{83409EA8-8609-3DF8-2876-B7644B7A90B8}.Debug|Any CPU.Build.0 = Debug|Any CPU
		{83409EA8-8609-3DF8-2876-B7644B7A90B8}.Release|Any CPU.ActiveCfg = Release|Any CPU
		{83409EA8-8609-3DF8-2876-B7644B7A90B8}.Release|Any CPU.Build.0 = Release|Any CPU
		{400421E2-8499-97B4-AF5D-FA1CBBA922E6}.Debug|Any CPU.ActiveCfg = Debug|Any CPU
		{400421E2-8499-97B4-AF5D-FA1CBBA922E6}.Debug|Any CPU.Build.0 = Debug|Any CPU
		{400421E2-8499-97B4-AF5D-FA1CBBA922E6}.Release|Any CPU.ActiveCfg = Release|Any CPU
		{400421E2-8499-97B4-AF5D-FA1CBBA922E6}.Release|Any CPU.Build.0 = Release|Any CPU
		{1984C774-0148-F391-EA00-29466AF825E9}.Debug|Any CPU.ActiveCfg = Debug|Any CPU
		{1984C774-0148-F391-EA00-29466AF825E9}.Debug|Any CPU.Build.0 = Debug|Any CPU
		{1984C774-0148-F391-EA00-29466AF825E9}.Release|Any CPU.ActiveCfg = Release|Any CPU
		{1984C774-0148-F391-EA00-29466AF825E9}.Release|Any CPU.Build.0 = Release|Any CPU
		{33B37B49-CDCD-83B0-E856-27588EEBB0AA}.Debug|Any CPU.ActiveCfg = Debug|Any CPU
		{33B37B49-CDCD-83B0-E856-27588EEBB0AA}.Debug|Any CPU.Build.0 = Debug|Any CPU
		{33B37B49-CDCD-83B0-E856-27588EEBB0AA}.Release|Any CPU.ActiveCfg = Release|Any CPU
		{33B37B49-CDCD-83B0-E856-27588EEBB0AA}.Release|Any CPU.Build.0 = Release|Any CPU
		{43DDF130-97F6-19C0-D3C5-F8436575290C}.Debug|Any CPU.ActiveCfg = Debug|Any CPU
		{43DDF130-97F6-19C0-D3C5-F8436575290C}.Debug|Any CPU.Build.0 = Debug|Any CPU
		{43DDF130-97F6-19C0-D3C5-F8436575290C}.Release|Any CPU.ActiveCfg = Release|Any CPU
		{43DDF130-97F6-19C0-D3C5-F8436575290C}.Release|Any CPU.Build.0 = Release|Any CPU
		{893A13B5-0E50-1214-1DB6-613D4A048AD1}.Debug|Any CPU.ActiveCfg = Debug|Any CPU
		{893A13B5-0E50-1214-1DB6-613D4A048AD1}.Debug|Any CPU.Build.0 = Debug|Any CPU
		{893A13B5-0E50-1214-1DB6-613D4A048AD1}.Release|Any CPU.ActiveCfg = Release|Any CPU
		{893A13B5-0E50-1214-1DB6-613D4A048AD1}.Release|Any CPU.Build.0 = Release|Any CPU
		{0C5402B6-E4D3-0CE2-F0DA-B139FF00EC5B}.Debug|Any CPU.ActiveCfg = Debug|Any CPU
		{0C5402B6-E4D3-0CE2-F0DA-B139FF00EC5B}.Debug|Any CPU.Build.0 = Debug|Any CPU
		{0C5402B6-E4D3-0CE2-F0DA-B139FF00EC5B}.Release|Any CPU.ActiveCfg = Release|Any CPU
		{0C5402B6-E4D3-0CE2-F0DA-B139FF00EC5B}.Release|Any CPU.Build.0 = Release|Any CPU
		{1551D924-305C-E563-DAFA-71E3B9DC18D0}.Debug|Any CPU.ActiveCfg = Debug|Any CPU
		{1551D924-305C-E563-DAFA-71E3B9DC18D0}.Debug|Any CPU.Build.0 = Debug|Any CPU
		{1551D924-305C-E563-DAFA-71E3B9DC18D0}.Release|Any CPU.ActiveCfg = Release|Any CPU
		{1551D924-305C-E563-DAFA-71E3B9DC18D0}.Release|Any CPU.Build.0 = Release|Any CPU
		{3FA0AE91-3DB0-D721-3F30-65C8D928F0C2}.Debug|Any CPU.ActiveCfg = Debug|Any CPU
		{3FA0AE91-3DB0-D721-3F30-65C8D928F0C2}.Debug|Any CPU.Build.0 = Debug|Any CPU
		{3FA0AE91-3DB0-D721-3F30-65C8D928F0C2}.Release|Any CPU.ActiveCfg = Release|Any CPU
		{3FA0AE91-3DB0-D721-3F30-65C8D928F0C2}.Release|Any CPU.Build.0 = Release|Any CPU
		{8FD4A308-2BDA-1B93-4562-E80BF390E16A}.Debug|Any CPU.ActiveCfg = Debug|Any CPU
		{8FD4A308-2BDA-1B93-4562-E80BF390E16A}.Debug|Any CPU.Build.0 = Debug|Any CPU
		{8FD4A308-2BDA-1B93-4562-E80BF390E16A}.Release|Any CPU.ActiveCfg = Release|Any CPU
		{8FD4A308-2BDA-1B93-4562-E80BF390E16A}.Release|Any CPU.Build.0 = Release|Any CPU
	EndGlobalSection
	GlobalSection(SolutionProperties) = preSolution
		HideSolutionNode = FALSE
	EndGlobalSection
EndGlobal
